Microsoft Visual Studio Solution File, Format Version 11.00
# Visual Studio 2008

Project("{FBF5B91C-E4B8-86CC-36E5-075662A0986A}") = "NGUI_4_6", "Assembly-CSharp.csproj", "{CF4218CE-CD0C-B3F3-21A5-76C482754003}"
EndProject
Project("{FBF5B91C-E4B8-86CC-36E5-075662A0986A}") = "NGUI_4_6", "Assembly-CSharp-Editor.csproj", "{65EA1468-AA00-ED94-C3D9-0E0B56767AAC}"
EndProject
Global
	GlobalSection(SolutionConfigurationPlatforms) = preSolution
		Debug|Any CPU = Debug|Any CPU
		Release|Any CPU = Release|Any CPU
	EndGlobalSection
	GlobalSection(ProjectConfigurationPlatforms) = postSolution
		{CF4218CE-CD0C-B3F3-21A5-76C482754003}.Debug|Any CPU.ActiveCfg = Debug|Any CPU
		{CF4218CE-CD0C-B3F3-21A5-76C482754003}.Debug|Any CPU.Build.0 = Debug|Any CPU
		{CF4218CE-CD0C-B3F3-21A5-76C482754003}.Release|Any CPU.ActiveCfg = Release|Any CPU
		{CF4218CE-CD0C-B3F3-21A5-76C482754003}.Release|Any CPU.Build.0 = Release|Any CPU
		{65EA1468-AA00-ED94-C3D9-0E0B56767AAC}.Debug|Any CPU.ActiveCfg = Debug|Any CPU
		{65EA1468-AA00-ED94-C3D9-0E0B56767AAC}.Debug|Any CPU.Build.0 = Debug|Any CPU
		{65EA1468-AA00-ED94-C3D9-0E0B56767AAC}.Release|Any CPU.ActiveCfg = Release|Any CPU
		{65EA1468-AA00-ED94-C3D9-0E0B56767AAC}.Release|Any CPU.Build.0 = Release|Any CPU
	EndGlobalSection
	GlobalSection(SolutionProperties) = preSolution
		HideSolutionNode = FALSE
	EndGlobalSection
						GlobalSection(MonoDevelopProperties) = preSolution
		StartupItem = Assembly-CSharp.csproj
		Policies = $0
		$0.TextStylePolicy = $1
		$1.inheritsSet = null
		$1.scope = text/x-csharp
		$0.CSharpFormattingPolicy = $2
		$2.inheritsSet = Mono
		$2.inheritsScope = text/x-csharp
		$2.scope = text/x-csharp
		$0.TextStylePolicy = $3
		$3.FileWidth = 120
		$3.TabWidth = 4
		$3.IndentWidth = 4
		$3.EolMarker = Unix
		$3.inheritsSet = Mono
		$3.inheritsScope = text/plain
		$3.scope = text/plain
	EndGlobalSection

EndGlobal
